// !$*UTF8*$!
{
	archiveVersion = 1;
	classes = {
	};
	objectVersion = 55;
	objects = {

/* Begin PBXBuildFile section */
		FC89443B2B8438B50021A602 /* main.c in Sources */ = {isa = PBXBuildFile; fileRef = FC89443A2B8438B50021A602 /* main.c */; };
		FC89444D2B8439840021A602 /* libglfw3.a in Frameworks */ = {isa = PBXBuildFile; fileRef = FC89444C2B8439840021A602 /* libglfw3.a */; };
		FC8944502B8439960021A602 /* OpenGL.framework in Frameworks */ = {isa = PBXBuildFile; fileRef = FC89444F2B8439960021A602 /* OpenGL.framework */; };
		FC8944522B84399E0021A602 /* IOKit.framework in Frameworks */ = {isa = PBXBuildFile; fileRef = FC8944512B84399E0021A602 /* IOKit.framework */; };
		FC8944542B8439A20021A602 /* AppKit.framework in Frameworks */ = {isa = PBXBuildFile; fileRef = FC8944532B8439A20021A602 /* AppKit.framework */; };
/* End PBXBuildFile section */

/* Begin PBXCopyFilesBuildPhase section */
		FC8944352B8438B50021A602 /* CopyFiles */ = {
			isa = PBXCopyFilesBuildPhase;
			buildActionMask = 2147483647;
			dstPath = /usr/share/man/man1/;
			dstSubfolderSpec = 0;
			files = (
			);
			runOnlyForDeploymentPostprocessing = 1;
		};
/* End PBXCopyFilesBuildPhase section */

/* Begin PBXFileReference section */
		FC8944372B8438B50021A602 /* mre */ = {isa = PBXFileReference; explicitFileType = "compiled.mach-o.executable"; includeInIndex = 0; path = mre; sourceTree = BUILT_PRODUCTS_DIR; };
		FC89443A2B8438B50021A602 /* main.c */ = {isa = PBXFileReference; lastKnownFileType = sourcecode.c.c; path = main.c; sourceTree = "<group>"; };
		FC8944492B8439580021A602 /* glfw3.h */ = {isa = PBXFileReference; lastKnownFileType = sourcecode.c.h; path = glfw3.h; sourceTree = "<group>"; };
		FC89444A2B8439580021A602 /* glfw3native.h */ = {isa = PBXFileReference; lastKnownFileType = sourcecode.c.h; path = glfw3native.h; sourceTree = "<group>"; };
		FC89444C2B8439840021A602 /* libglfw3.a */ = {isa = PBXFileReference; lastKnownFileType = archive.ar; path = libglfw3.a; sourceTree = "<group>"; };
		FC89444F2B8439960021A602 /* OpenGL.framework */ = {isa = PBXFileReference; lastKnownFileType = wrapper.framework; name = OpenGL.framework; path = System/Library/Frameworks/OpenGL.framework; sourceTree = SDKROOT; };
		FC8944512B84399E0021A602 /* IOKit.framework */ = {isa = PBXFileReference; lastKnownFileType = wrapper.framework; name = IOKit.framework; path = System/Library/Frameworks/IOKit.framework; sourceTree = SDKROOT; };
		FC8944532B8439A20021A602 /* AppKit.framework */ = {isa = PBXFileReference; lastKnownFileType = wrapper.framework; name = AppKit.framework; path = System/Library/Frameworks/AppKit.framework; sourceTree = SDKROOT; };
/* End PBXFileReference section */

/* Begin PBXFrameworksBuildPhase section */
		FC8944342B8438B50021A602 /* Frameworks */ = {
			isa = PBXFrameworksBuildPhase;
			buildActionMask = 2147483647;
			files = (
				FC89444D2B8439840021A602 /* libglfw3.a in Frameworks */,
				FC8944542B8439A20021A602 /* AppKit.framework in Frameworks */,
				FC8944502B8439960021A602 /* OpenGL.framework in Frameworks */,
				FC8944522B84399E0021A602 /* IOKit.framework in Frameworks */,
			);
			runOnlyForDeploymentPostprocessing = 0;
		};
/* End PBXFrameworksBuildPhase section */

/* Begin PBXGroup section */
		FC89442E2B8438B50021A602 = {
			isa = PBXGroup;
			children = (
				FC8944392B8438B50021A602 /* mre */,
				FC8944382B8438B50021A602 /* Products */,
				FC89444E2B8439960021A602 /* Frameworks */,
			);
			sourceTree = "<group>";
		};
		FC8944382B8438B50021A602 /* Products */ = {
			isa = PBXGroup;
			children = (
				FC8944372B8438B50021A602 /* mre */,
			);
			name = Products;
			sourceTree = "<group>";
		};
		FC8944392B8438B50021A602 /* mre */ = {
			isa = PBXGroup;
			children = (
				FC89444B2B8439760021A602 /* lib */,
				FC89443A2B8438B50021A602 /* main.c */,
				FC8944472B8439580021A602 /* include */,
			);
			path = mre;
			sourceTree = "<group>";
		};
		FC8944472B8439580021A602 /* include */ = {
			isa = PBXGroup;
			children = (
				FC8944482B8439580021A602 /* GLFW */,
			);
			path = include;
			sourceTree = "<group>";
		};
		FC8944482B8439580021A602 /* GLFW */ = {
			isa = PBXGroup;
			children = (
				FC8944492B8439580021A602 /* glfw3.h */,
				FC89444A2B8439580021A602 /* glfw3native.h */,
			);
			path = GLFW;
			sourceTree = "<group>";
		};
		FC89444B2B8439760021A602 /* lib */ = {
			isa = PBXGroup;
			children = (
				FC89444C2B8439840021A602 /* libglfw3.a */,
			);
			path = lib;
			sourceTree = "<group>";
		};
		FC89444E2B8439960021A602 /* Frameworks */ = {
			isa = PBXGroup;
			children = (
				FC8944532B8439A20021A602 /* AppKit.framework */,
				FC8944512B84399E0021A602 /* IOKit.framework */,
				FC89444F2B8439960021A602 /* OpenGL.framework */,
			);
			name = Frameworks;
			sourceTree = "<group>";
		};
/* End PBXGroup section */

/* Begin PBXNativeTarget section */
		FC8944362B8438B50021A602 /* mre */ = {
			isa = PBXNativeTarget;
			buildConfigurationList = FC89443E2B8438B50021A602 /* Build configuration list for PBXNativeTarget "mre" */;
			buildPhases = (
				FC8944332B8438B50021A602 /* Sources */,
				FC8944342B8438B50021A602 /* Frameworks */,
				FC8944352B8438B50021A602 /* CopyFiles */,
			);
			buildRules = (
			);
			dependencies = (
			);
			name = mre;
			productName = mre;
			productReference = FC8944372B8438B50021A602 /* mre */;
			productType = "com.apple.product-type.tool";
		};
/* End PBXNativeTarget section */

/* Begin PBXProject section */
		FC89442F2B8438B50021A602 /* Project object */ = {
			isa = PBXProject;
			attributes = {
				BuildIndependentTargetsInParallel = 1;
				LastUpgradeCheck = 1340;
				TargetAttributes = {
					FC8944362B8438B50021A602 = {
						CreatedOnToolsVersion = 13.4.1;
					};
				};
			};
			buildConfigurationList = FC8944322B8438B50021A602 /* Build configuration list for PBXProject "mre" */;
			compatibilityVersion = "Xcode 13.0";
			developmentRegion = en;
			hasScannedForEncodings = 0;
			knownRegions = (
				en,
				Base,
			);
			mainGroup = FC89442E2B8438B50021A602;
			productRefGroup = FC8944382B8438B50021A602 /* Products */;
			projectDirPath = "";
			projectRoot = "";
			targets = (
				FC8944362B8438B50021A602 /* mre */,
			);
		};
/* End PBXProject section */

/* Begin PBXSourcesBuildPhase section */
		FC8944332B8438B50021A602 /* Sources */ = {
			isa = PBXSourcesBuildPhase;
			buildActionMask = 2147483647;
			files = (
				FC89443B2B8438B50021A602 /* main.c in Sources */,
			);
			runOnlyForDeploymentPostprocessing = 0;
		};
/* End PBXSourcesBuildPhase section */

/* Begin XCBuildConfiguration section */
		FC89443C2B8438B50021A602 /* Debug */ = {
			isa = XCBuildConfiguration;
			buildSettings = {
				ALWAYS_SEARCH_USER_PATHS = NO;
				CLANG_ANALYZER_NONNULL = YES;
				CLANG_ANALYZER_NUMBER_OBJECT_CONVERSION = YES_AGGRESSIVE;
				CLANG_CXX_LANGUAGE_STANDARD = "gnu++17";
				CLANG_ENABLE_MODULES = YES;
				CLANG_ENABLE_OBJC_ARC = YES;
				CLANG_ENABLE_OBJC_WEAK = YES;
				CLANG_WARN_BLOCK_CAPTURE_AUTORELEASING = YES;
				CLANG_WARN_BOOL_CONVERSION = YES;
				CLANG_WARN_COMMA = YES;
				CLANG_WARN_CONSTANT_CONVERSION = YES;
				CLANG_WARN_DEPRECATED_OBJC_IMPLEMENTATIONS = YES;
				CLANG_WARN_DIRECT_OBJC_ISA_USAGE = YES_ERROR;
				CLANG_WARN_DOCUMENTATION_COMMENTS = YES;
				CLANG_WARN_EMPTY_BODY = YES;
				CLANG_WARN_ENUM_CONVERSION = YES;
				CLANG_WARN_INFINITE_RECURSION = YES;
				CLANG_WARN_INT_CONVERSION = YES;
				CLANG_WARN_NON_LITERAL_NULL_CONVERSION = YES;
				CLANG_WARN_OBJC_IMPLICIT_RETAIN_SELF = YES;
				CLANG_WARN_OBJC_LITERAL_CONVERSION = YES;
				CLANG_WARN_OBJC_ROOT_CLASS = YES_ERROR;
				CLANG_WARN_QUOTED_INCLUDE_IN_FRAMEWORK_HEADER = YES;
				CLANG_WARN_RANGE_LOOP_ANALYSIS = YES;
				CLANG_WARN_STRICT_PROTOTYPES = YES;
				CLANG_WARN_SUSPICIOUS_MOVE = YES;
				CLANG_WARN_UNGUARDED_AVAILABILITY = YES_AGGRESSIVE;
				CLANG_WARN_UNREACHABLE_CODE = YES;
				CLANG_WARN__DUPLICATE_METHOD_MATCH = YES;
				COPY_PHASE_STRIP = NO;
				DEBUG_INFORMATION_FORMAT = dwarf;
				ENABLE_STRICT_OBJC_MSGSEND = YES;
				ENABLE_TESTABILITY = YES;
				GCC_C_LANGUAGE_STANDARD = gnu11;
				GCC_DYNAMIC_NO_PIC = NO;
				GCC_NO_COMMON_BLOCKS = YES;
				GCC_OPTIMIZATION_LEVEL = 0;
				GCC_PREPROCESSOR_DEFINITIONS = (
					"DEBUG=1",
					"$(inherited)",
				);
				GCC_WARN_64_TO_32_BIT_CONVERSION = YES;
				GCC_WARN_ABOUT_RETURN_TYPE = YES_ERROR;
				GCC_WARN_UNDECLARED_SELECTOR = YES;
				GCC_WARN_UNINITIALIZED_AUTOS = YES_AGGRESSIVE;
				GCC_WARN_UNUSED_FUNCTION = YES;
				GCC_WARN_UNUSED_VARIABLE = YES;
				MACOSX_DEPLOYMENT_TARGET = 12.3;
				MTL_ENABLE_DEBUG_INFO = INCLUDE_SOURCE;
				MTL_FAST_MATH = YES;
				ONLY_ACTIVE_ARCH = YES;
				SDKROOT = macosx;
			};
			name = Debug;
		};
		FC89443D2B8438B50021A602 /* Release */ = {
			isa = XCBuildConfiguration;
			buildSettings = {
				ALWAYS_SEARCH_USER_PATHS = NO;
				CLANG_ANALYZER_NONNULL = YES;
				CLANG_ANALYZER_NUMBER_OBJECT_CONVERSION = YES_AGGRESSIVE;
				CLANG_CXX_LANGUAGE_STANDARD = "gnu++17";
				CLANG_ENABLE_MODULES = YES;
				CLANG_ENABLE_OBJC_ARC = YES;
				CLANG_ENABLE_OBJC_WEAK = YES;
				CLANG_WARN_BLOCK_CAPTURE_AUTORELEASING = YES;
				CLANG_WARN_BOOL_CONVERSION = YES;
				CLANG_WARN_COMMA = YES;
				CLANG_WARN_CONSTANT_CONVERSION = YES;
				CLANG_WARN_DEPRECATED_OBJC_IMPLEMENTATIONS = YES;
				CLANG_WARN_DIRECT_OBJC_ISA_USAGE = YES_ERROR;
				CLANG_WARN_DOCUMENTATION_COMMENTS = YES;
				CLANG_WARN_EMPTY_BODY = YES;
				CLANG_WARN_ENUM_CONVERSION = YES;
				CLANG_WARN_INFINITE_RECURSION = YES;
				CLANG_WARN_INT_CONVERSION = YES;
				CLANG_WARN_NON_LITERAL_NULL_CONVERSION = YES;
				CLANG_WARN_OBJC_IMPLICIT_RETAIN_SELF = YES;
				CLANG_WARN_OBJC_LITERAL_CONVERSION = YES;
				CLANG_WARN_OBJC_ROOT_CLASS = YES_ERROR;
				CLANG_WARN_QUOTED_INCLUDE_IN_FRAMEWORK_HEADER = YES;
				CLANG_WARN_RANGE_LOOP_ANALYSIS = YES;
				CLANG_WARN_STRICT_PROTOTYPES = YES;
				CLANG_WARN_SUSPICIOUS_MOVE = YES;
				CLANG_WARN_UNGUARDED_AVAILABILITY = YES_AGGRESSIVE;
				CLANG_WARN_UNREACHABLE_CODE = YES;
				CLANG_WARN__DUPLICATE_METHOD_MATCH = YES;
				COPY_PHASE_STRIP = NO;
				DEBUG_INFORMATION_FORMAT = "dwarf-with-dsym";
				ENABLE_NS_ASSERTIONS = NO;
				ENABLE_STRICT_OBJC_MSGSEND = YES;
				GCC_C_LANGUAGE_STANDARD = gnu11;
				GCC_NO_COMMON_BLOCKS = YES;
				GCC_WARN_64_TO_32_BIT_CONVERSION = YES;
				GCC_WARN_ABOUT_RETURN_TYPE = YES_ERROR;
				GCC_WARN_UNDECLARED_SELECTOR = YES;
				GCC_WARN_UNINITIALIZED_AUTOS = YES_AGGRESSIVE;
				GCC_WARN_UNUSED_FUNCTION = YES;
				GCC_WARN_UNUSED_VARIABLE = YES;
				MACOSX_DEPLOYMENT_TARGET = 12.3;
				MTL_ENABLE_DEBUG_INFO = NO;
				MTL_FAST_MATH = YES;
				SDKROOT = macosx;
			};
			name = Release;
		};
		FC89443F2B8438B50021A602 /* Debug */ = {
			isa = XCBuildConfiguration;
			buildSettings = {
				CODE_SIGN_STYLE = Automatic;
				HEADER_SEARCH_PATHS = ./mre/include/;
				LIBRARY_SEARCH_PATHS = (
					"$(inherited)",
					"$(PROJECT_DIR)/mre/lib",
				);
				PRODUCT_NAME = "$(TARGET_NAME)";
			};
			name = Debug;
		};
		FC8944402B8438B50021A602 /* Release */ = {
			isa = XCBuildConfiguration;
			buildSettings = {
				CODE_SIGN_STYLE = Automatic;
				HEADER_SEARCH_PATHS = ./mre/include/;
				LIBRARY_SEARCH_PATHS = (
					"$(inherited)",
					"$(PROJECT_DIR)/mre/lib",
				);
				PRODUCT_NAME = "$(TARGET_NAME)";
			};
			name = Release;
		};
/* End XCBuildConfiguration section */

/* Begin XCConfigurationList section */
		FC8944322B8438B50021A602 /* Build configuration list for PBXProject "mre" */ = {
			isa = XCConfigurationList;
			buildConfigurations = (
				FC89443C2B8438B50021A602 /* Debug */,
				FC89443D2B8438B50021A602 /* Release */,
			);
			defaultConfigurationIsVisible = 0;
			defaultConfigurationName = Release;
		};
		FC89443E2B8438B50021A602 /* Build configuration list for PBXNativeTarget "mre" */ = {
			isa = XCConfigurationList;
			buildConfigurations = (
				FC89443F2B8438B50021A602 /* Debug */,
				FC8944402B8438B50021A602 /* Release */,
			);
			defaultConfigurationIsVisible = 0;
			defaultConfigurationName = Release;
		};
/* End XCConfigurationList section */
	};
	rootObject = FC89442F2B8438B50021A602 /* Project object */;
}
